
Microsoft Visual Studio Solution File, Format Version 12.00
# Visual Studio Version 16
VisualStudioVersion = 16.0.34301.259
MinimumVisualStudioVersion = 10.0.40219.1
Project("{FAE04EC0-301F-11D3-BF4B-00C04F79EFBC}") = "Interpreter-design-patterns", "Interpreter-design-patterns\Interpreter-design-patterns.csproj", "{53D050B1-24DE-4443-8B5B-01C6D1031180}"
EndProject
Global
	GlobalSection(SolutionConfigurationPlatforms) = preSolution
		Debug|Any CPU = Debug|Any CPU
		Release|Any CPU = Release|Any CPU
	EndGlobalSection
	GlobalSection(ProjectConfigurationPlatforms) = postSolution
		{53D050B1-24DE-4443-8B5B-01C6D1031180}.Debug|Any CPU.ActiveCfg = Debug|Any CPU
		{53D050B1-24DE-4443-8B5B-01C6D1031180}.Debug|Any CPU.Build.0 = Debug|Any CPU
		{53D050B1-24DE-4443-8B5B-01C6D1031180}.Release|Any CPU.ActiveCfg = Release|Any CPU
		{53D050B1-24DE-4443-8B5B-01C6D1031180}.Release|Any CPU.Build.0 = Release|Any CPU
	EndGlobalSection
	GlobalSection(SolutionProperties) = preSolution
		HideSolutionNode = FALSE
	EndGlobalSection
	GlobalSection(ExtensibilityGlobals) = postSolution
		SolutionGuid = {CB749309-5272-47CE-A2E1-CB7BA84C8264}
	EndGlobalSection
EndGlobal
